
Microsoft Visual Studio Solution File, Format Version 12.00
# Visual Studio Version 16
VisualStudioVersion = 16.0.28803.202
MinimumVisualStudioVersion = 10.0.40219.1
Project("{FAE04EC0-301F-11D3-BF4B-00C04F79EFBC}") = "ImageFilters", "ImageFilters\ImageFilters.csproj", "{BA14E335-90AD-467A-A656-F27160D8ED4F}"
EndProject
Global
	GlobalSection(SolutionConfigurationPlatforms) = preSolution
		Debug|Any CPU = Debug|Any CPU
		Release|Any CPU = Release|Any CPU
	EndGlobalSection
	GlobalSection(ProjectConfigurationPlatforms) = postSolution
		{BA14E335-90AD-467A-A656-F27160D8ED4F}.Debug|Any CPU.ActiveCfg = Debug|Any CPU
		{BA14E335-90AD-467A-A656-F27160D8ED4F}.Debug|Any CPU.Build.0 = Debug|Any CPU
		{BA14E335-90AD-467A-A656-F27160D8ED4F}.Release|Any CPU.ActiveCfg = Release|Any CPU
		{BA14E335-90AD-467A-A656-F27160D8ED4F}.Release|Any CPU.Build.0 = Release|Any CPU
	EndGlobalSection
	GlobalSection(SolutionProperties) = preSolution
		HideSolutionNode = FALSE
	EndGlobalSection
	GlobalSection(ExtensibilityGlobals) = postSolution
		SolutionGuid = {9F6CBBF0-AECA-4CAC-8420-4F2FB38B9B93}
	EndGlobalSection
EndGlobal
